
Microsoft Visual Studio Solution File, Format Version 12.00
# Visual Studio 15
Project("{FAE04EC0-301F-11D3-BF4B-00C04F79EFBC}") = "WaterlooBank.Droid", "Droid\WaterlooBank.Droid.csproj", "{65046AD5-1433-4D74-A2E1-F4F4BB66F27A}"
EndProject
Project("{FAE04EC0-301F-11D3-BF4B-00C04F79EFBC}") = "WaterlooBank.iOS", "iOS\WaterlooBank.iOS.csproj", "{58120879-596D-453A-913E-8CAAE5640336}"
EndProject
Project("{FAE04EC0-301F-11D3-BF4B-00C04F79EFBC}") = "APIClient", "..\APIClient\APIClient.csproj", "{CA3D1D5D-D50E-4F8C-8BFA-06800B28C44E}"
EndProject
Global
	GlobalSection(SolutionConfigurationPlatforms) = preSolution
		Debug|Any CPU = Debug|Any CPU
		Release|Any CPU = Release|Any CPU
		Debug|iPhoneSimulator = Debug|iPhoneSimulator
		Release|iPhone = Release|iPhone
		Release|iPhoneSimulator = Release|iPhoneSimulator
		Debug|iPhone = Debug|iPhone
	EndGlobalSection
	GlobalSection(ProjectConfigurationPlatforms) = postSolution
		{65046AD5-1433-4D74-A2E1-F4F4BB66F27A}.Debug|Any CPU.ActiveCfg = Debug|Any CPU
		{65046AD5-1433-4D74-A2E1-F4F4BB66F27A}.Debug|Any CPU.Build.0 = Debug|Any CPU
		{65046AD5-1433-4D74-A2E1-F4F4BB66F27A}.Release|Any CPU.ActiveCfg = Release|Any CPU
		{65046AD5-1433-4D74-A2E1-F4F4BB66F27A}.Release|Any CPU.Build.0 = Release|Any CPU
		{65046AD5-1433-4D74-A2E1-F4F4BB66F27A}.Debug|iPhoneSimulator.ActiveCfg = Debug|Any CPU
		{65046AD5-1433-4D74-A2E1-F4F4BB66F27A}.Debug|iPhoneSimulator.Build.0 = Debug|Any CPU
		{65046AD5-1433-4D74-A2E1-F4F4BB66F27A}.Release|iPhone.ActiveCfg = Release|Any CPU
		{65046AD5-1433-4D74-A2E1-F4F4BB66F27A}.Release|iPhone.Build.0 = Release|Any CPU
		{65046AD5-1433-4D74-A2E1-F4F4BB66F27A}.Release|iPhoneSimulator.ActiveCfg = Release|Any CPU
		{65046AD5-1433-4D74-A2E1-F4F4BB66F27A}.Release|iPhoneSimulator.Build.0 = Release|Any CPU
		{65046AD5-1433-4D74-A2E1-F4F4BB66F27A}.Debug|iPhone.ActiveCfg = Debug|Any CPU
		{65046AD5-1433-4D74-A2E1-F4F4BB66F27A}.Debug|iPhone.Build.0 = Debug|Any CPU
		{58120879-596D-453A-913E-8CAAE5640336}.Debug|Any CPU.ActiveCfg = Debug|iPhoneSimulator
		{58120879-596D-453A-913E-8CAAE5640336}.Debug|Any CPU.Build.0 = Debug|iPhoneSimulator
		{58120879-596D-453A-913E-8CAAE5640336}.Release|Any CPU.ActiveCfg = Release|iPhone
		{58120879-596D-453A-913E-8CAAE5640336}.Release|Any CPU.Build.0 = Release|iPhone
		{58120879-596D-453A-913E-8CAAE5640336}.Debug|iPhoneSimulator.ActiveCfg = Debug|iPhoneSimulator
		{58120879-596D-453A-913E-8CAAE5640336}.Debug|iPhoneSimulator.Build.0 = Debug|iPhoneSimulator
		{58120879-596D-453A-913E-8CAAE5640336}.Release|iPhone.ActiveCfg = Release|iPhone
		{58120879-596D-453A-913E-8CAAE5640336}.Release|iPhone.Build.0 = Release|iPhone
		{58120879-596D-453A-913E-8CAAE5640336}.Release|iPhoneSimulator.ActiveCfg = Release|iPhoneSimulator
		{58120879-596D-453A-913E-8CAAE5640336}.Release|iPhoneSimulator.Build.0 = Release|iPhoneSimulator
		{58120879-596D-453A-913E-8CAAE5640336}.Debug|iPhone.ActiveCfg = Debug|iPhone
		{58120879-596D-453A-913E-8CAAE5640336}.Debug|iPhone.Build.0 = Debug|iPhone
		{CA3D1D5D-D50E-4F8C-8BFA-06800B28C44E}.Debug|Any CPU.ActiveCfg = Debug|Any CPU
		{CA3D1D5D-D50E-4F8C-8BFA-06800B28C44E}.Debug|Any CPU.Build.0 = Debug|Any CPU
		{CA3D1D5D-D50E-4F8C-8BFA-06800B28C44E}.Release|Any CPU.ActiveCfg = Release|Any CPU
		{CA3D1D5D-D50E-4F8C-8BFA-06800B28C44E}.Release|Any CPU.Build.0 = Release|Any CPU
		{CA3D1D5D-D50E-4F8C-8BFA-06800B28C44E}.Debug|iPhoneSimulator.ActiveCfg = Debug|Any CPU
		{CA3D1D5D-D50E-4F8C-8BFA-06800B28C44E}.Debug|iPhoneSimulator.Build.0 = Debug|Any CPU
		{CA3D1D5D-D50E-4F8C-8BFA-06800B28C44E}.Release|iPhone.ActiveCfg = Release|Any CPU
		{CA3D1D5D-D50E-4F8C-8BFA-06800B28C44E}.Release|iPhone.Build.0 = Release|Any CPU
		{CA3D1D5D-D50E-4F8C-8BFA-06800B28C44E}.Release|iPhoneSimulator.ActiveCfg = Release|Any CPU
		{CA3D1D5D-D50E-4F8C-8BFA-06800B28C44E}.Release|iPhoneSimulator.Build.0 = Release|Any CPU
		{CA3D1D5D-D50E-4F8C-8BFA-06800B28C44E}.Debug|iPhone.ActiveCfg = Debug|Any CPU
		{CA3D1D5D-D50E-4F8C-8BFA-06800B28C44E}.Debug|iPhone.Build.0 = Debug|Any CPU
	EndGlobalSection
EndGlobal
