
Microsoft Visual Studio Solution File, Format Version 12.00
# Visual Studio Version 16
VisualStudioVersion = 16.0.808.4
MinimumVisualStudioVersion = 10.0.40219.1
Project("{FAE04EC0-301F-11D3-BF4B-00C04F79EFBC}") = "WaterlooBank.Droid", "WaterlooBank.Droid.csproj", "{65046AD5-1433-4D74-A2E1-F4F4BB66F27A}"
EndProject
Global
	GlobalSection(SolutionConfigurationPlatforms) = preSolution
		Debug|Any CPU = Debug|Any CPU
		Release|Any CPU = Release|Any CPU
	EndGlobalSection
	GlobalSection(ProjectConfigurationPlatforms) = postSolution
		{65046AD5-1433-4D74-A2E1-F4F4BB66F27A}.Debug|Any CPU.ActiveCfg = Debug|Any CPU
		{65046AD5-1433-4D74-A2E1-F4F4BB66F27A}.Debug|Any CPU.Build.0 = Debug|Any CPU
		{65046AD5-1433-4D74-A2E1-F4F4BB66F27A}.Release|Any CPU.ActiveCfg = Release|Any CPU
		{65046AD5-1433-4D74-A2E1-F4F4BB66F27A}.Release|Any CPU.Build.0 = Release|Any CPU
	EndGlobalSection
	GlobalSection(SolutionProperties) = preSolution
		HideSolutionNode = FALSE
	EndGlobalSection
	GlobalSection(ExtensibilityGlobals) = postSolution
		SolutionGuid = {5FBAADCB-1606-4EC2-9020-94D2C7582735}
	EndGlobalSection
EndGlobal
